// !$*UTF8*$!
{
	archiveVersion = 1;
	classes = {
	};
	objectVersion = 51;
	objects = {

/* Begin PBXBuildFile section */
		06AA19D72A6FBC1291522D0D /* Pods_MojuroTests.framework in Frameworks */ = {isa = PBXBuildFile; fileRef = 44EC515F842D43C397EC5D02 /* Pods_MojuroTests.framework */; };
		93A6C2EE22350F942A872CAE /* Pods_MojuroUITests.framework in Frameworks */ = {isa = PBXBuildFile; fileRef = 5F282DB763D787D9BDC29EE0 /* Pods_MojuroUITests.framework */; };
		D2830B009FF89DB245734C35 /* Pods_Mojuro.framework in Frameworks */ = {isa = PBXBuildFile; fileRef = 81AF4EABC1B7DE4C9DE260F6 /* Pods_Mojuro.framework */; };
		E26BA36B22AF053F004E710B /* R.generated.swift in Sources */ = {isa = PBXBuildFile; fileRef = E26BA36A22AF053F004E710B /* R.generated.swift */; };
		E2EA89A122AEF935008B8F61 /* AppDelegate.swift in Sources */ = {isa = PBXBuildFile; fileRef = E2EA89A022AEF935008B8F61 /* AppDelegate.swift */; };
		E2EA89AA22AEF936008B8F61 /* Assets.xcassets in Resources */ = {isa = PBXBuildFile; fileRef = E2EA89A922AEF936008B8F61 /* Assets.xcassets */; };
		E2EA89B822AEF936008B8F61 /* MojuroTests.swift in Sources */ = {isa = PBXBuildFile; fileRef = E2EA89B722AEF936008B8F61 /* MojuroTests.swift */; };
		E2EA89C322AEF936008B8F61 /* MojuroUITests.swift in Sources */ = {isa = PBXBuildFile; fileRef = E2EA89C222AEF936008B8F61 /* MojuroUITests.swift */; };
/* End PBXBuildFile section */

/* Begin PBXContainerItemProxy section */
		E2EA89B422AEF936008B8F61 /* PBXContainerItemProxy */ = {
			isa = PBXContainerItemProxy;
			containerPortal = E2EA899522AEF935008B8F61 /* Project object */;
			proxyType = 1;
			remoteGlobalIDString = E2EA899C22AEF935008B8F61;
			remoteInfo = Mojuro;
		};
		E2EA89BF22AEF936008B8F61 /* PBXContainerItemProxy */ = {
			isa = PBXContainerItemProxy;
			containerPortal = E2EA899522AEF935008B8F61 /* Project object */;
			proxyType = 1;
			remoteGlobalIDString = E2EA899C22AEF935008B8F61;
			remoteInfo = Mojuro;
		};
/* End PBXContainerItemProxy section */

/* Begin PBXFileReference section */
		25AB6B0B6FEFA30C202D7348 /* Pods-MojuroTests.release.xcconfig */ = {isa = PBXFileReference; includeInIndex = 1; lastKnownFileType = text.xcconfig; name = "Pods-MojuroTests.release.xcconfig"; path = "Target Support Files/Pods-MojuroTests/Pods-MojuroTests.release.xcconfig"; sourceTree = "<group>"; };
		37EE93F9664193E09FD732B4 /* Pods-MojuroTests.debug.xcconfig */ = {isa = PBXFileReference; includeInIndex = 1; lastKnownFileType = text.xcconfig; name = "Pods-MojuroTests.debug.xcconfig"; path = "Target Support Files/Pods-MojuroTests/Pods-MojuroTests.debug.xcconfig"; sourceTree = "<group>"; };
		44EC515F842D43C397EC5D02 /* Pods_MojuroTests.framework */ = {isa = PBXFileReference; explicitFileType = wrapper.framework; includeInIndex = 0; path = Pods_MojuroTests.framework; sourceTree = BUILT_PRODUCTS_DIR; };
		5F282DB763D787D9BDC29EE0 /* Pods_MojuroUITests.framework */ = {isa = PBXFileReference; explicitFileType = wrapper.framework; includeInIndex = 0; path = Pods_MojuroUITests.framework; sourceTree = BUILT_PRODUCTS_DIR; };
		606529624C9C0378F3F33813 /* Pods-Mojuro.release.xcconfig */ = {isa = PBXFileReference; includeInIndex = 1; lastKnownFileType = text.xcconfig; name = "Pods-Mojuro.release.xcconfig"; path = "Target Support Files/Pods-Mojuro/Pods-Mojuro.release.xcconfig"; sourceTree = "<group>"; };
		730E4962909C15BF6DA98725 /* Pods-MojuroUITests.release.xcconfig */ = {isa = PBXFileReference; includeInIndex = 1; lastKnownFileType = text.xcconfig; name = "Pods-MojuroUITests.release.xcconfig"; path = "Target Support Files/Pods-MojuroUITests/Pods-MojuroUITests.release.xcconfig"; sourceTree = "<group>"; };
		81AF4EABC1B7DE4C9DE260F6 /* Pods_Mojuro.framework */ = {isa = PBXFileReference; explicitFileType = wrapper.framework; includeInIndex = 0; path = Pods_Mojuro.framework; sourceTree = BUILT_PRODUCTS_DIR; };
		8946A039CBCC65B0960F4771 /* Pods-Mojuro.debug.xcconfig */ = {isa = PBXFileReference; includeInIndex = 1; lastKnownFileType = text.xcconfig; name = "Pods-Mojuro.debug.xcconfig"; path = "Target Support Files/Pods-Mojuro/Pods-Mojuro.debug.xcconfig"; sourceTree = "<group>"; };
		C632B1E7CB515D7345082B10 /* Pods-MojuroUITests.debug.xcconfig */ = {isa = PBXFileReference; includeInIndex = 1; lastKnownFileType = text.xcconfig; name = "Pods-MojuroUITests.debug.xcconfig"; path = "Target Support Files/Pods-MojuroUITests/Pods-MojuroUITests.debug.xcconfig"; sourceTree = "<group>"; };
		E26BA36A22AF053F004E710B /* R.generated.swift */ = {isa = PBXFileReference; fileEncoding = 4; lastKnownFileType = sourcecode.swift; path = R.generated.swift; sourceTree = "<group>"; };
		E2EA899D22AEF935008B8F61 /* Mojuro.app */ = {isa = PBXFileReference; explicitFileType = wrapper.application; includeInIndex = 0; path = Mojuro.app; sourceTree = BUILT_PRODUCTS_DIR; };
		E2EA89A022AEF935008B8F61 /* AppDelegate.swift */ = {isa = PBXFileReference; lastKnownFileType = sourcecode.swift; path = AppDelegate.swift; sourceTree = "<group>"; };
		E2EA89A922AEF936008B8F61 /* Assets.xcassets */ = {isa = PBXFileReference; lastKnownFileType = folder.assetcatalog; path = Assets.xcassets; sourceTree = "<group>"; };
		E2EA89AE22AEF936008B8F61 /* Info.plist */ = {isa = PBXFileReference; lastKnownFileType = text.plist.xml; path = Info.plist; sourceTree = "<group>"; };
		E2EA89B322AEF936008B8F61 /* MojuroTests.xctest */ = {isa = PBXFileReference; explicitFileType = wrapper.cfbundle; includeInIndex = 0; path = MojuroTests.xctest; sourceTree = BUILT_PRODUCTS_DIR; };
		E2EA89B722AEF936008B8F61 /* MojuroTests.swift */ = {isa = PBXFileReference; lastKnownFileType = sourcecode.swift; path = MojuroTests.swift; sourceTree = "<group>"; };
		E2EA89B922AEF936008B8F61 /* Info.plist */ = {isa = PBXFileReference; lastKnownFileType = text.plist.xml; path = Info.plist; sourceTree = "<group>"; };
		E2EA89BE22AEF936008B8F61 /* MojuroUITests.xctest */ = {isa = PBXFileReference; explicitFileType = wrapper.cfbundle; includeInIndex = 0; path = MojuroUITests.xctest; sourceTree = BUILT_PRODUCTS_DIR; };
		E2EA89C222AEF936008B8F61 /* MojuroUITests.swift */ = {isa = PBXFileReference; lastKnownFileType = sourcecode.swift; path = MojuroUITests.swift; sourceTree = "<group>"; };
		E2EA89C422AEF936008B8F61 /* Info.plist */ = {isa = PBXFileReference; lastKnownFileType = text.plist.xml; path = Info.plist; sourceTree = "<group>"; };
/* End PBXFileReference section */

/* Begin PBXFrameworksBuildPhase section */
		E2EA899A22AEF935008B8F61 /* Frameworks */ = {
			isa = PBXFrameworksBuildPhase;
			buildActionMask = 2147483647;
			files = (
				D2830B009FF89DB245734C35 /* Pods_Mojuro.framework in Frameworks */,
			);
			runOnlyForDeploymentPostprocessing = 0;
		};
		E2EA89B022AEF936008B8F61 /* Frameworks */ = {
			isa = PBXFrameworksBuildPhase;
			buildActionMask = 2147483647;
			files = (
				06AA19D72A6FBC1291522D0D /* Pods_MojuroTests.framework in Frameworks */,
			);
			runOnlyForDeploymentPostprocessing = 0;
		};
		E2EA89BB22AEF936008B8F61 /* Frameworks */ = {
			isa = PBXFrameworksBuildPhase;
			buildActionMask = 2147483647;
			files = (
				93A6C2EE22350F942A872CAE /* Pods_MojuroUITests.framework in Frameworks */,
			);
			runOnlyForDeploymentPostprocessing = 0;
		};
/* End PBXFrameworksBuildPhase section */

/* Begin PBXGroup section */
		73935D5E0D26538475C35296 /* Pods */ = {
			isa = PBXGroup;
			children = (
				8946A039CBCC65B0960F4771 /* Pods-Mojuro.debug.xcconfig */,
				606529624C9C0378F3F33813 /* Pods-Mojuro.release.xcconfig */,
				37EE93F9664193E09FD732B4 /* Pods-MojuroTests.debug.xcconfig */,
				25AB6B0B6FEFA30C202D7348 /* Pods-MojuroTests.release.xcconfig */,
				C632B1E7CB515D7345082B10 /* Pods-MojuroUITests.debug.xcconfig */,
				730E4962909C15BF6DA98725 /* Pods-MojuroUITests.release.xcconfig */,
			);
			path = Pods;
			sourceTree = "<group>";
		};
		D97ACC68B6610B4358EF0E86 /* Frameworks */ = {
			isa = PBXGroup;
			children = (
				81AF4EABC1B7DE4C9DE260F6 /* Pods_Mojuro.framework */,
				44EC515F842D43C397EC5D02 /* Pods_MojuroTests.framework */,
				5F282DB763D787D9BDC29EE0 /* Pods_MojuroUITests.framework */,
			);
			name = Frameworks;
			sourceTree = "<group>";
		};
		E26BA36622AF0412004E710B /* Resources */ = {
			isa = PBXGroup;
			children = (
				E26BA36A22AF053F004E710B /* R.generated.swift */,
				E26BA36822AF043B004E710B /* Assets */,
				E26BA36922AF043F004E710B /* Properties */,
			);
			path = Resources;
			sourceTree = "<group>";
		};
		E26BA36722AF0418004E710B /* Sources */ = {
			isa = PBXGroup;
			children = (
				E2EA89A022AEF935008B8F61 /* AppDelegate.swift */,
			);
			path = Sources;
			sourceTree = "<group>";
		};
		E26BA36822AF043B004E710B /* Assets */ = {
			isa = PBXGroup;
			children = (
				E2EA89A922AEF936008B8F61 /* Assets.xcassets */,
			);
			path = Assets;
			sourceTree = "<group>";
		};
		E26BA36922AF043F004E710B /* Properties */ = {
			isa = PBXGroup;
			children = (
				E2EA89AE22AEF936008B8F61 /* Info.plist */,
			);
			path = Properties;
			sourceTree = "<group>";
		};
		E2EA899422AEF935008B8F61 = {
			isa = PBXGroup;
			children = (
				E2EA899F22AEF935008B8F61 /* Mojuro */,
				E2EA89B622AEF936008B8F61 /* MojuroTests */,
				E2EA89C122AEF936008B8F61 /* MojuroUITests */,
				E2EA899E22AEF935008B8F61 /* Products */,
				73935D5E0D26538475C35296 /* Pods */,
				D97ACC68B6610B4358EF0E86 /* Frameworks */,
			);
			sourceTree = "<group>";
		};
		E2EA899E22AEF935008B8F61 /* Products */ = {
			isa = PBXGroup;
			children = (
				E2EA899D22AEF935008B8F61 /* Mojuro.app */,
				E2EA89B322AEF936008B8F61 /* MojuroTests.xctest */,
				E2EA89BE22AEF936008B8F61 /* MojuroUITests.xctest */,
			);
			name = Products;
			sourceTree = "<group>";
		};
		E2EA899F22AEF935008B8F61 /* Mojuro */ = {
			isa = PBXGroup;
			children = (
				E26BA36722AF0418004E710B /* Sources */,
				E26BA36622AF0412004E710B /* Resources */,
			);
			path = Mojuro;
			sourceTree = "<group>";
		};
		E2EA89B622AEF936008B8F61 /* MojuroTests */ = {
			isa = PBXGroup;
			children = (
				E2EA89B722AEF936008B8F61 /* MojuroTests.swift */,
				E2EA89B922AEF936008B8F61 /* Info.plist */,
			);
			path = MojuroTests;
			sourceTree = "<group>";
		};
		E2EA89C122AEF936008B8F61 /* MojuroUITests */ = {
			isa = PBXGroup;
			children = (
				E2EA89C222AEF936008B8F61 /* MojuroUITests.swift */,
				E2EA89C422AEF936008B8F61 /* Info.plist */,
			);
			path = MojuroUITests;
			sourceTree = "<group>";
		};
/* End PBXGroup section */

/* Begin PBXNativeTarget section */
		E2EA899C22AEF935008B8F61 /* Mojuro */ = {
			isa = PBXNativeTarget;
			buildConfigurationList = E2EA89C722AEF936008B8F61 /* Build configuration list for PBXNativeTarget "Mojuro" */;
			buildPhases = (
				A2AD73E673214036DD87852F /* [CP] Check Pods Manifest.lock */,
				E26BA36522AF0406004E710B /* R.Swift */,
				E2EA899922AEF935008B8F61 /* Sources */,
				E2EA899A22AEF935008B8F61 /* Frameworks */,
				E2EA899B22AEF935008B8F61 /* Resources */,
				7F89F6B90EADE02FDD715B7F /* [CP] Embed Pods Frameworks */,
				E26BA36422AF0404004E710B /* SwiftLint */,
			);
			buildRules = (
			);
			dependencies = (
			);
			name = Mojuro;
			productName = Mojuro;
			productReference = E2EA899D22AEF935008B8F61 /* Mojuro.app */;
			productType = "com.apple.product-type.application";
		};
		E2EA89B222AEF936008B8F61 /* MojuroTests */ = {
			isa = PBXNativeTarget;
			buildConfigurationList = E2EA89CA22AEF936008B8F61 /* Build configuration list for PBXNativeTarget "MojuroTests" */;
			buildPhases = (
				74EF86300EAA8B4A3646D8D6 /* [CP] Check Pods Manifest.lock */,
				E2EA89AF22AEF936008B8F61 /* Sources */,
				E2EA89B022AEF936008B8F61 /* Frameworks */,
				E2EA89B122AEF936008B8F61 /* Resources */,
				776E9B56B903CD4018FF0B17 /* [CP] Embed Pods Frameworks */,
			);
			buildRules = (
			);
			dependencies = (
				E2EA89B522AEF936008B8F61 /* PBXTargetDependency */,
			);
			name = MojuroTests;
			productName = MojuroTests;
			productReference = E2EA89B322AEF936008B8F61 /* MojuroTests.xctest */;
			productType = "com.apple.product-type.bundle.unit-test";
		};
		E2EA89BD22AEF936008B8F61 /* MojuroUITests */ = {
			isa = PBXNativeTarget;
			buildConfigurationList = E2EA89CD22AEF936008B8F61 /* Build configuration list for PBXNativeTarget "MojuroUITests" */;
			buildPhases = (
				81216703200610D69540CDBA /* [CP] Check Pods Manifest.lock */,
				E2EA89BA22AEF936008B8F61 /* Sources */,
				E2EA89BB22AEF936008B8F61 /* Frameworks */,
				E2EA89BC22AEF936008B8F61 /* Resources */,
				12D7C4D98EC5D697C63E2B1B /* [CP] Embed Pods Frameworks */,
			);
			buildRules = (
			);
			dependencies = (
				E2EA89C022AEF936008B8F61 /* PBXTargetDependency */,
			);
			name = MojuroUITests;
			productName = MojuroUITests;
			productReference = E2EA89BE22AEF936008B8F61 /* MojuroUITests.xctest */;
			productType = "com.apple.product-type.bundle.ui-testing";
		};
/* End PBXNativeTarget section */

/* Begin PBXProject section */
		E2EA899522AEF935008B8F61 /* Project object */ = {
			isa = PBXProject;
			attributes = {
				LastSwiftUpdateCheck = 1100;
				LastUpgradeCheck = 1100;
				ORGANIZATIONNAME = Helfens;
				TargetAttributes = {
					E2EA899C22AEF935008B8F61 = {
						CreatedOnToolsVersion = 11.0;
					};
					E2EA89B222AEF936008B8F61 = {
						CreatedOnToolsVersion = 11.0;
						TestTargetID = E2EA899C22AEF935008B8F61;
					};
					E2EA89BD22AEF936008B8F61 = {
						CreatedOnToolsVersion = 11.0;
						TestTargetID = E2EA899C22AEF935008B8F61;
					};
				};
			};
			buildConfigurationList = E2EA899822AEF935008B8F61 /* Build configuration list for PBXProject "Mojuro" */;
			compatibilityVersion = "Xcode 9.3";
			developmentRegion = en;
			hasScannedForEncodings = 0;
			knownRegions = (
				en,
				Base,
			);
			mainGroup = E2EA899422AEF935008B8F61;
			productRefGroup = E2EA899E22AEF935008B8F61 /* Products */;
			projectDirPath = "";
			projectRoot = "";
			targets = (
				E2EA899C22AEF935008B8F61 /* Mojuro */,
				E2EA89B222AEF936008B8F61 /* MojuroTests */,
				E2EA89BD22AEF936008B8F61 /* MojuroUITests */,
			);
		};
/* End PBXProject section */

/* Begin PBXResourcesBuildPhase section */
		E2EA899B22AEF935008B8F61 /* Resources */ = {
			isa = PBXResourcesBuildPhase;
			buildActionMask = 2147483647;
			files = (
				E2EA89AA22AEF936008B8F61 /* Assets.xcassets in Resources */,
			);
			runOnlyForDeploymentPostprocessing = 0;
		};
		E2EA89B122AEF936008B8F61 /* Resources */ = {
			isa = PBXResourcesBuildPhase;
			buildActionMask = 2147483647;
			files = (
			);
			runOnlyForDeploymentPostprocessing = 0;
		};
		E2EA89BC22AEF936008B8F61 /* Resources */ = {
			isa = PBXResourcesBuildPhase;
			buildActionMask = 2147483647;
			files = (
			);
			runOnlyForDeploymentPostprocessing = 0;
		};
/* End PBXResourcesBuildPhase section */

/* Begin PBXShellScriptBuildPhase section */
		12D7C4D98EC5D697C63E2B1B /* [CP] Embed Pods Frameworks */ = {
			isa = PBXShellScriptBuildPhase;
			buildActionMask = 2147483647;
			files = (
			);
			inputFileListPaths = (
				"${PODS_ROOT}/Target Support Files/Pods-MojuroUITests/Pods-MojuroUITests-frameworks-${CONFIGURATION}-input-files.xcfilelist",
			);
			name = "[CP] Embed Pods Frameworks";
			outputFileListPaths = (
				"${PODS_ROOT}/Target Support Files/Pods-MojuroUITests/Pods-MojuroUITests-frameworks-${CONFIGURATION}-output-files.xcfilelist",
			);
			runOnlyForDeploymentPostprocessing = 0;
			shellPath = /bin/sh;
			shellScript = "\"${PODS_ROOT}/Target Support Files/Pods-MojuroUITests/Pods-MojuroUITests-frameworks.sh\"\n";
			showEnvVarsInLog = 0;
		};
		74EF86300EAA8B4A3646D8D6 /* [CP] Check Pods Manifest.lock */ = {
			isa = PBXShellScriptBuildPhase;
			buildActionMask = 2147483647;
			files = (
			);
			inputFileListPaths = (
			);
			inputPaths = (
				"${PODS_PODFILE_DIR_PATH}/Podfile.lock",
				"${PODS_ROOT}/Manifest.lock",
			);
			name = "[CP] Check Pods Manifest.lock";
			outputFileListPaths = (
			);
			outputPaths = (
				"$(DERIVED_FILE_DIR)/Pods-MojuroTests-checkManifestLockResult.txt",
			);
			runOnlyForDeploymentPostprocessing = 0;
			shellPath = /bin/sh;
			shellScript = "diff \"${PODS_PODFILE_DIR_PATH}/Podfile.lock\" \"${PODS_ROOT}/Manifest.lock\" > /dev/null\nif [ $? != 0 ] ; then\n    # print error to STDERR\n    echo \"error: The sandbox is not in sync with the Podfile.lock. Run 'pod install' or update your CocoaPods installation.\" >&2\n    exit 1\nfi\n# This output is used by Xcode 'outputs' to avoid re-running this script phase.\necho \"SUCCESS\" > \"${SCRIPT_OUTPUT_FILE_0}\"\n";
			showEnvVarsInLog = 0;
		};
		776E9B56B903CD4018FF0B17 /* [CP] Embed Pods Frameworks */ = {
			isa = PBXShellScriptBuildPhase;
			buildActionMask = 2147483647;
			files = (
			);
			inputFileListPaths = (
				"${PODS_ROOT}/Target Support Files/Pods-MojuroTests/Pods-MojuroTests-frameworks-${CONFIGURATION}-input-files.xcfilelist",
			);
			name = "[CP] Embed Pods Frameworks";
			outputFileListPaths = (
				"${PODS_ROOT}/Target Support Files/Pods-MojuroTests/Pods-MojuroTests-frameworks-${CONFIGURATION}-output-files.xcfilelist",
			);
			runOnlyForDeploymentPostprocessing = 0;
			shellPath = /bin/sh;
			shellScript = "\"${PODS_ROOT}/Target Support Files/Pods-MojuroTests/Pods-MojuroTests-frameworks.sh\"\n";
			showEnvVarsInLog = 0;
		};
		7F89F6B90EADE02FDD715B7F /* [CP] Embed Pods Frameworks */ = {
			isa = PBXShellScriptBuildPhase;
			buildActionMask = 2147483647;
			files = (
			);
			inputFileListPaths = (
				"${PODS_ROOT}/Target Support Files/Pods-Mojuro/Pods-Mojuro-frameworks-${CONFIGURATION}-input-files.xcfilelist",
			);
			name = "[CP] Embed Pods Frameworks";
			outputFileListPaths = (
				"${PODS_ROOT}/Target Support Files/Pods-Mojuro/Pods-Mojuro-frameworks-${CONFIGURATION}-output-files.xcfilelist",
			);
			runOnlyForDeploymentPostprocessing = 0;
			shellPath = /bin/sh;
			shellScript = "\"${PODS_ROOT}/Target Support Files/Pods-Mojuro/Pods-Mojuro-frameworks.sh\"\n";
			showEnvVarsInLog = 0;
		};
		81216703200610D69540CDBA /* [CP] Check Pods Manifest.lock */ = {
			isa = PBXShellScriptBuildPhase;
			buildActionMask = 2147483647;
			files = (
			);
			inputFileListPaths = (
			);
			inputPaths = (
				"${PODS_PODFILE_DIR_PATH}/Podfile.lock",
				"${PODS_ROOT}/Manifest.lock",
			);
			name = "[CP] Check Pods Manifest.lock";
			outputFileListPaths = (
			);
			outputPaths = (
				"$(DERIVED_FILE_DIR)/Pods-MojuroUITests-checkManifestLockResult.txt",
			);
			runOnlyForDeploymentPostprocessing = 0;
			shellPath = /bin/sh;
			shellScript = "diff \"${PODS_PODFILE_DIR_PATH}/Podfile.lock\" \"${PODS_ROOT}/Manifest.lock\" > /dev/null\nif [ $? != 0 ] ; then\n    # print error to STDERR\n    echo \"error: The sandbox is not in sync with the Podfile.lock. Run 'pod install' or update your CocoaPods installation.\" >&2\n    exit 1\nfi\n# This output is used by Xcode 'outputs' to avoid re-running this script phase.\necho \"SUCCESS\" > \"${SCRIPT_OUTPUT_FILE_0}\"\n";
			showEnvVarsInLog = 0;
		};
		A2AD73E673214036DD87852F /* [CP] Check Pods Manifest.lock */ = {
			isa = PBXShellScriptBuildPhase;
			buildActionMask = 2147483647;
			files = (
			);
			inputFileListPaths = (
			);
			inputPaths = (
				"${PODS_PODFILE_DIR_PATH}/Podfile.lock",
				"${PODS_ROOT}/Manifest.lock",
			);
			name = "[CP] Check Pods Manifest.lock";
			outputFileListPaths = (
			);
			outputPaths = (
				"$(DERIVED_FILE_DIR)/Pods-Mojuro-checkManifestLockResult.txt",
			);
			runOnlyForDeploymentPostprocessing = 0;
			shellPath = /bin/sh;
			shellScript = "diff \"${PODS_PODFILE_DIR_PATH}/Podfile.lock\" \"${PODS_ROOT}/Manifest.lock\" > /dev/null\nif [ $? != 0 ] ; then\n    # print error to STDERR\n    echo \"error: The sandbox is not in sync with the Podfile.lock. Run 'pod install' or update your CocoaPods installation.\" >&2\n    exit 1\nfi\n# This output is used by Xcode 'outputs' to avoid re-running this script phase.\necho \"SUCCESS\" > \"${SCRIPT_OUTPUT_FILE_0}\"\n";
			showEnvVarsInLog = 0;
		};
		E26BA36422AF0404004E710B /* SwiftLint */ = {
			isa = PBXShellScriptBuildPhase;
			buildActionMask = 2147483647;
			files = (
			);
			inputFileListPaths = (
			);
			inputPaths = (
			);
			name = SwiftLint;
			outputFileListPaths = (
			);
			outputPaths = (
			);
			runOnlyForDeploymentPostprocessing = 0;
			shellPath = /bin/sh;
			shellScript = "\"${PODS_ROOT}/SwiftLint/swiftlint\"\n";
		};
		E26BA36522AF0406004E710B /* R.Swift */ = {
			isa = PBXShellScriptBuildPhase;
			buildActionMask = 2147483647;
			files = (
			);
			inputFileListPaths = (
			);
			inputPaths = (
				"$TEMP_DIR/rswift-lastrun",
			);
			name = R.Swift;
			outputFileListPaths = (
			);
			outputPaths = (
				$SRCROOT/Mojuro/Resources/R.generated.swift,
			);
			runOnlyForDeploymentPostprocessing = 0;
			shellPath = /bin/sh;
			shellScript = "\"$PODS_ROOT/R.swift/rswift\" generate \"$SRCROOT/Mojuro/Resources/R.generated.swift\"\n";
		};
/* End PBXShellScriptBuildPhase section */

/* Begin PBXSourcesBuildPhase section */
		E2EA899922AEF935008B8F61 /* Sources */ = {
			isa = PBXSourcesBuildPhase;
			buildActionMask = 2147483647;
			files = (
				E2EA89A122AEF935008B8F61 /* AppDelegate.swift in Sources */,
				E26BA36B22AF053F004E710B /* R.generated.swift in Sources */,
			);
			runOnlyForDeploymentPostprocessing = 0;
		};
		E2EA89AF22AEF936008B8F61 /* Sources */ = {
			isa = PBXSourcesBuildPhase;
			buildActionMask = 2147483647;
			files = (
				E2EA89B822AEF936008B8F61 /* MojuroTests.swift in Sources */,
			);
			runOnlyForDeploymentPostprocessing = 0;
		};
		E2EA89BA22AEF936008B8F61 /* Sources */ = {
			isa = PBXSourcesBuildPhase;
			buildActionMask = 2147483647;
			files = (
				E2EA89C322AEF936008B8F61 /* MojuroUITests.swift in Sources */,
			);
			runOnlyForDeploymentPostprocessing = 0;
		};
/* End PBXSourcesBuildPhase section */

/* Begin PBXTargetDependency section */
		E2EA89B522AEF936008B8F61 /* PBXTargetDependency */ = {
			isa = PBXTargetDependency;
			target = E2EA899C22AEF935008B8F61 /* Mojuro */;
			targetProxy = E2EA89B422AEF936008B8F61 /* PBXContainerItemProxy */;
		};
		E2EA89C022AEF936008B8F61 /* PBXTargetDependency */ = {
			isa = PBXTargetDependency;
			target = E2EA899C22AEF935008B8F61 /* Mojuro */;
			targetProxy = E2EA89BF22AEF936008B8F61 /* PBXContainerItemProxy */;
		};
/* End PBXTargetDependency section */

/* Begin XCBuildConfiguration section */
		E2EA89C522AEF936008B8F61 /* Debug */ = {
			isa = XCBuildConfiguration;
			buildSettings = {
				ALWAYS_SEARCH_USER_PATHS = NO;
				CLANG_ANALYZER_NONNULL = YES;
				CLANG_ANALYZER_NUMBER_OBJECT_CONVERSION = YES_AGGRESSIVE;
				CLANG_CXX_LANGUAGE_STANDARD = "gnu++14";
				CLANG_CXX_LIBRARY = "libc++";
				CLANG_ENABLE_MODULES = YES;
				CLANG_ENABLE_OBJC_ARC = YES;
				CLANG_ENABLE_OBJC_WEAK = YES;
				CLANG_WARN_BLOCK_CAPTURE_AUTORELEASING = YES;
				CLANG_WARN_BOOL_CONVERSION = YES;
				CLANG_WARN_COMMA = YES;
				CLANG_WARN_CONSTANT_CONVERSION = YES;
				CLANG_WARN_DEPRECATED_OBJC_IMPLEMENTATIONS = YES;
				CLANG_WARN_DIRECT_OBJC_ISA_USAGE = YES_ERROR;
				CLANG_WARN_DOCUMENTATION_COMMENTS = YES;
				CLANG_WARN_EMPTY_BODY = YES;
				CLANG_WARN_ENUM_CONVERSION = YES;
				CLANG_WARN_INFINITE_RECURSION = YES;
				CLANG_WARN_INT_CONVERSION = YES;
				CLANG_WARN_NON_LITERAL_NULL_CONVERSION = YES;
				CLANG_WARN_OBJC_IMPLICIT_RETAIN_SELF = YES;
				CLANG_WARN_OBJC_LITERAL_CONVERSION = YES;
				CLANG_WARN_OBJC_ROOT_CLASS = YES_ERROR;
				CLANG_WARN_RANGE_LOOP_ANALYSIS = YES;
				CLANG_WARN_STRICT_PROTOTYPES = YES;
				CLANG_WARN_SUSPICIOUS_MOVE = YES;
				CLANG_WARN_UNGUARDED_AVAILABILITY = YES_AGGRESSIVE;
				CLANG_WARN_UNREACHABLE_CODE = YES;
				CLANG_WARN__DUPLICATE_METHOD_MATCH = YES;
				COPY_PHASE_STRIP = NO;
				DEBUG_INFORMATION_FORMAT = dwarf;
				ENABLE_STRICT_OBJC_MSGSEND = YES;
				ENABLE_TESTABILITY = YES;
				GCC_C_LANGUAGE_STANDARD = gnu11;
				GCC_DYNAMIC_NO_PIC = NO;
				GCC_NO_COMMON_BLOCKS = YES;
				GCC_OPTIMIZATION_LEVEL = 0;
				GCC_PREPROCESSOR_DEFINITIONS = (
					"DEBUG=1",
					"$(inherited)",
				);
				GCC_WARN_64_TO_32_BIT_CONVERSION = YES;
				GCC_WARN_ABOUT_RETURN_TYPE = YES_ERROR;
				GCC_WARN_UNDECLARED_SELECTOR = YES;
				GCC_WARN_UNINITIALIZED_AUTOS = YES_AGGRESSIVE;
				GCC_WARN_UNUSED_FUNCTION = YES;
				GCC_WARN_UNUSED_VARIABLE = YES;
				IPHONEOS_DEPLOYMENT_TARGET = 10.3;
				MTL_ENABLE_DEBUG_INFO = INCLUDE_SOURCE;
				MTL_FAST_MATH = YES;
				ONLY_ACTIVE_ARCH = YES;
				SDKROOT = iphoneos;
				SWIFT_ACTIVE_COMPILATION_CONDITIONS = DEBUG;
				SWIFT_OPTIMIZATION_LEVEL = "-Onone";
			};
			name = Debug;
		};
		E2EA89C622AEF936008B8F61 /* Release */ = {
			isa = XCBuildConfiguration;
			buildSettings = {
				ALWAYS_SEARCH_USER_PATHS = NO;
				CLANG_ANALYZER_NONNULL = YES;
				CLANG_ANALYZER_NUMBER_OBJECT_CONVERSION = YES_AGGRESSIVE;
				CLANG_CXX_LANGUAGE_STANDARD = "gnu++14";
				CLANG_CXX_LIBRARY = "libc++";
				CLANG_ENABLE_MODULES = YES;
				CLANG_ENABLE_OBJC_ARC = YES;
				CLANG_ENABLE_OBJC_WEAK = YES;
				CLANG_WARN_BLOCK_CAPTURE_AUTORELEASING = YES;
				CLANG_WARN_BOOL_CONVERSION = YES;
				CLANG_WARN_COMMA = YES;
				CLANG_WARN_CONSTANT_CONVERSION = YES;
				CLANG_WARN_DEPRECATED_OBJC_IMPLEMENTATIONS = YES;
				CLANG_WARN_DIRECT_OBJC_ISA_USAGE = YES_ERROR;
				CLANG_WARN_DOCUMENTATION_COMMENTS = YES;
				CLANG_WARN_EMPTY_BODY = YES;
				CLANG_WARN_ENUM_CONVERSION = YES;
				CLANG_WARN_INFINITE_RECURSION = YES;
				CLANG_WARN_INT_CONVERSION = YES;
				CLANG_WARN_NON_LITERAL_NULL_CONVERSION = YES;
				CLANG_WARN_OBJC_IMPLICIT_RETAIN_SELF = YES;
				CLANG_WARN_OBJC_LITERAL_CONVERSION = YES;
				CLANG_WARN_OBJC_ROOT_CLASS = YES_ERROR;
				CLANG_WARN_RANGE_LOOP_ANALYSIS = YES;
				CLANG_WARN_STRICT_PROTOTYPES = YES;
				CLANG_WARN_SUSPICIOUS_MOVE = YES;
				CLANG_WARN_UNGUARDED_AVAILABILITY = YES_AGGRESSIVE;
				CLANG_WARN_UNREACHABLE_CODE = YES;
				CLANG_WARN__DUPLICATE_METHOD_MATCH = YES;
				COPY_PHASE_STRIP = NO;
				DEBUG_INFORMATION_FORMAT = "dwarf-with-dsym";
				ENABLE_NS_ASSERTIONS = NO;
				ENABLE_STRICT_OBJC_MSGSEND = YES;
				GCC_C_LANGUAGE_STANDARD = gnu11;
				GCC_NO_COMMON_BLOCKS = YES;
				GCC_WARN_64_TO_32_BIT_CONVERSION = YES;
				GCC_WARN_ABOUT_RETURN_TYPE = YES_ERROR;
				GCC_WARN_UNDECLARED_SELECTOR = YES;
				GCC_WARN_UNINITIALIZED_AUTOS = YES_AGGRESSIVE;
				GCC_WARN_UNUSED_FUNCTION = YES;
				GCC_WARN_UNUSED_VARIABLE = YES;
				IPHONEOS_DEPLOYMENT_TARGET = 10.3;
				MTL_ENABLE_DEBUG_INFO = NO;
				MTL_FAST_MATH = YES;
				SDKROOT = iphoneos;
				SWIFT_COMPILATION_MODE = wholemodule;
				SWIFT_OPTIMIZATION_LEVEL = "-O";
				VALIDATE_PRODUCT = YES;
			};
			name = Release;
		};
		E2EA89C822AEF936008B8F61 /* Debug */ = {
			isa = XCBuildConfiguration;
			baseConfigurationReference = 8946A039CBCC65B0960F4771 /* Pods-Mojuro.debug.xcconfig */;
			buildSettings = {
				ASSETCATALOG_COMPILER_APPICON_NAME = AppIcon;
				CODE_SIGN_STYLE = Automatic;
				DEVELOPMENT_TEAM = J4RA7TUH8H;
				INFOPLIST_FILE = Mojuro/Resources/Properties/Info.plist;
				LD_RUNPATH_SEARCH_PATHS = (
					"$(inherited)",
					"@executable_path/Frameworks",
				);
				PRODUCT_BUNDLE_IDENTIFIER = com.helfens.Mojuro;
				PRODUCT_NAME = "$(TARGET_NAME)";
				SWIFT_VERSION = 5.0;
				TARGETED_DEVICE_FAMILY = 1;
			};
			name = Debug;
		};
		E2EA89C922AEF936008B8F61 /* Release */ = {
			isa = XCBuildConfiguration;
			baseConfigurationReference = 606529624C9C0378F3F33813 /* Pods-Mojuro.release.xcconfig */;
			buildSettings = {
				ASSETCATALOG_COMPILER_APPICON_NAME = AppIcon;
				CODE_SIGN_STYLE = Automatic;
				DEVELOPMENT_TEAM = J4RA7TUH8H;
				INFOPLIST_FILE = Mojuro/Resources/Properties/Info.plist;
				LD_RUNPATH_SEARCH_PATHS = (
					"$(inherited)",
					"@executable_path/Frameworks",
				);
				PRODUCT_BUNDLE_IDENTIFIER = com.helfens.Mojuro;
				PRODUCT_NAME = "$(TARGET_NAME)";
				SWIFT_VERSION = 5.0;
				TARGETED_DEVICE_FAMILY = 1;
			};
			name = Release;
		};
		E2EA89CB22AEF936008B8F61 /* Debug */ = {
			isa = XCBuildConfiguration;
			baseConfigurationReference = 37EE93F9664193E09FD732B4 /* Pods-MojuroTests.debug.xcconfig */;
			buildSettings = {
				ALWAYS_EMBED_SWIFT_STANDARD_LIBRARIES = "$(inherited)";
				BUNDLE_LOADER = "$(TEST_HOST)";
				CODE_SIGN_STYLE = Automatic;
				DEVELOPMENT_TEAM = J4RA7TUH8H;
				INFOPLIST_FILE = MojuroTests/Info.plist;
				LD_RUNPATH_SEARCH_PATHS = (
					"$(inherited)",
					"@executable_path/Frameworks",
					"@loader_path/Frameworks",
				);
				PRODUCT_BUNDLE_IDENTIFIER = com.helfens.MojuroTests;
				PRODUCT_NAME = "$(TARGET_NAME)";
				SWIFT_VERSION = 5.0;
				TARGETED_DEVICE_FAMILY = "1,2";
				TEST_HOST = "$(BUILT_PRODUCTS_DIR)/Mojuro.app/Mojuro";
			};
			name = Debug;
		};
		E2EA89CC22AEF936008B8F61 /* Release */ = {
			isa = XCBuildConfiguration;
			baseConfigurationReference = 25AB6B0B6FEFA30C202D7348 /* Pods-MojuroTests.release.xcconfig */;
			buildSettings = {
				ALWAYS_EMBED_SWIFT_STANDARD_LIBRARIES = "$(inherited)";
				BUNDLE_LOADER = "$(TEST_HOST)";
				CODE_SIGN_STYLE = Automatic;
				DEVELOPMENT_TEAM = J4RA7TUH8H;
				INFOPLIST_FILE = MojuroTests/Info.plist;
				LD_RUNPATH_SEARCH_PATHS = (
					"$(inherited)",
					"@executable_path/Frameworks",
					"@loader_path/Frameworks",
				);
				PRODUCT_BUNDLE_IDENTIFIER = com.helfens.MojuroTests;
				PRODUCT_NAME = "$(TARGET_NAME)";
				SWIFT_VERSION = 5.0;
				TARGETED_DEVICE_FAMILY = "1,2";
				TEST_HOST = "$(BUILT_PRODUCTS_DIR)/Mojuro.app/Mojuro";
			};
			name = Release;
		};
		E2EA89CE22AEF936008B8F61 /* Debug */ = {
			isa = XCBuildConfiguration;
			baseConfigurationReference = C632B1E7CB515D7345082B10 /* Pods-MojuroUITests.debug.xcconfig */;
			buildSettings = {
				ALWAYS_EMBED_SWIFT_STANDARD_LIBRARIES = "$(inherited)";
				CODE_SIGN_STYLE = Automatic;
				DEVELOPMENT_TEAM = J4RA7TUH8H;
				INFOPLIST_FILE = MojuroUITests/Info.plist;
				LD_RUNPATH_SEARCH_PATHS = (
					"$(inherited)",
					"@executable_path/Frameworks",
					"@loader_path/Frameworks",
				);
				PRODUCT_BUNDLE_IDENTIFIER = com.helfens.MojuroUITests;
				PRODUCT_NAME = "$(TARGET_NAME)";
				SWIFT_VERSION = 5.0;
				TARGETED_DEVICE_FAMILY = "1,2";
				TEST_TARGET_NAME = Mojuro;
			};
			name = Debug;
		};
		E2EA89CF22AEF936008B8F61 /* Release */ = {
			isa = XCBuildConfiguration;
			baseConfigurationReference = 730E4962909C15BF6DA98725 /* Pods-MojuroUITests.release.xcconfig */;
			buildSettings = {
				ALWAYS_EMBED_SWIFT_STANDARD_LIBRARIES = "$(inherited)";
				CODE_SIGN_STYLE = Automatic;
				DEVELOPMENT_TEAM = J4RA7TUH8H;
				INFOPLIST_FILE = MojuroUITests/Info.plist;
				LD_RUNPATH_SEARCH_PATHS = (
					"$(inherited)",
					"@executable_path/Frameworks",
					"@loader_path/Frameworks",
				);
				PRODUCT_BUNDLE_IDENTIFIER = com.helfens.MojuroUITests;
				PRODUCT_NAME = "$(TARGET_NAME)";
				SWIFT_VERSION = 5.0;
				TARGETED_DEVICE_FAMILY = "1,2";
				TEST_TARGET_NAME = Mojuro;
			};
			name = Release;
		};
/* End XCBuildConfiguration section */

/* Begin XCConfigurationList section */
		E2EA899822AEF935008B8F61 /* Build configuration list for PBXProject "Mojuro" */ = {
			isa = XCConfigurationList;
			buildConfigurations = (
				E2EA89C522AEF936008B8F61 /* Debug */,
				E2EA89C622AEF936008B8F61 /* Release */,
			);
			defaultConfigurationIsVisible = 0;
			defaultConfigurationName = Release;
		};
		E2EA89C722AEF936008B8F61 /* Build configuration list for PBXNativeTarget "Mojuro" */ = {
			isa = XCConfigurationList;
			buildConfigurations = (
				E2EA89C822AEF936008B8F61 /* Debug */,
				E2EA89C922AEF936008B8F61 /* Release */,
			);
			defaultConfigurationIsVisible = 0;
			defaultConfigurationName = Release;
		};
		E2EA89CA22AEF936008B8F61 /* Build configuration list for PBXNativeTarget "MojuroTests" */ = {
			isa = XCConfigurationList;
			buildConfigurations = (
				E2EA89CB22AEF936008B8F61 /* Debug */,
				E2EA89CC22AEF936008B8F61 /* Release */,
			);
			defaultConfigurationIsVisible = 0;
			defaultConfigurationName = Release;
		};
		E2EA89CD22AEF936008B8F61 /* Build configuration list for PBXNativeTarget "MojuroUITests" */ = {
			isa = XCConfigurationList;
			buildConfigurations = (
				E2EA89CE22AEF936008B8F61 /* Debug */,
				E2EA89CF22AEF936008B8F61 /* Release */,
			);
			defaultConfigurationIsVisible = 0;
			defaultConfigurationName = Release;
		};
/* End XCConfigurationList section */
	};
	rootObject = E2EA899522AEF935008B8F61 /* Project object */;
}
